// !$*UTF8*$!
{
	archiveVersion = 1;
	classes = {
	};
	objectVersion = 46;
	objects = {

/* Begin PBXBuildFile section */
		EAEADDEE1EFA03FD0065EB5E /* main.m in Sources */ = {isa = PBXBuildFile; fileRef = EAEADDED1EFA03FD0065EB5E /* main.m */; };
		EAEADDF11EFA03FD0065EB5E /* AppDelegate.m in Sources */ = {isa = PBXBuildFile; fileRef = EAEADDF01EFA03FD0065EB5E /* AppDelegate.m */; };
		EAEADDF41EFA03FD0065EB5E /* ViewController.m in Sources */ = {isa = PBXBuildFile; fileRef = EAEADDF31EFA03FD0065EB5E /* ViewController.m */; };
		EAEADDF71EFA03FD0065EB5E /* Main.storyboard in Resources */ = {isa = PBXBuildFile; fileRef = EAEADDF51EFA03FD0065EB5E /* Main.storyboard */; };
		EAEADDF91EFA03FD0065EB5E /* Assets.xcassets in Resources */ = {isa = PBXBuildFile; fileRef = EAEADDF81EFA03FD0065EB5E /* Assets.xcassets */; };
		EAEADDFC1EFA03FD0065EB5E /* LaunchScreen.storyboard in Resources */ = {isa = PBXBuildFile; fileRef = EAEADDFA1EFA03FD0065EB5E /* LaunchScreen.storyboard */; };
/* End PBXBuildFile section */

/* Begin PBXFileReference section */
		EAEADDE91EFA03FD0065EB5E /* KVO_Simple.app */ = {isa = PBXFileReference; explicitFileType = wrapper.application; includeInIndex = 0; path = KVO_Simple.app; sourceTree = BUILT_PRODUCTS_DIR; };
		EAEADDED1EFA03FD0065EB5E /* main.m */ = {isa = PBXFileReference; lastKnownFileType = sourcecode.c.objc; path = main.m; sourceTree = "<group>"; };
		EAEADDEF1EFA03FD0065EB5E /* AppDelegate.h */ = {isa = PBXFileReference; lastKnownFileType = sourcecode.c.h; path = AppDelegate.h; sourceTree = "<group>"; };
		EAEADDF01EFA03FD0065EB5E /* AppDelegate.m */ = {isa = PBXFileReference; lastKnownFileType = sourcecode.c.objc; path = AppDelegate.m; sourceTree = "<group>"; };
		EAEADDF21EFA03FD0065EB5E /* ViewController.h */ = {isa = PBXFileReference; lastKnownFileType = sourcecode.c.h; path = ViewController.h; sourceTree = "<group>"; };
		EAEADDF31EFA03FD0065EB5E /* ViewController.m */ = {isa = PBXFileReference; lastKnownFileType = sourcecode.c.objc; path = ViewController.m; sourceTree = "<group>"; };
		EAEADDF61EFA03FD0065EB5E /* Base */ = {isa = PBXFileReference; lastKnownFileType = file.storyboard; name = Base; path = Base.lproj/Main.storyboard; sourceTree = "<group>"; };
		EAEADDF81EFA03FD0065EB5E /* Assets.xcassets */ = {isa = PBXFileReference; lastKnownFileType = folder.assetcatalog; path = Assets.xcassets; sourceTree = "<group>"; };
		EAEADDFB1EFA03FD0065EB5E /* Base */ = {isa = PBXFileReference; lastKnownFileType = file.storyboard; name = Base; path = Base.lproj/LaunchScreen.storyboard; sourceTree = "<group>"; };
		EAEADDFD1EFA03FD0065EB5E /* Info.plist */ = {isa = PBXFileReference; lastKnownFileType = text.plist.xml; path = Info.plist; sourceTree = "<group>"; };
/* End PBXFileReference section */

/* Begin PBXFrameworksBuildPhase section */
		EAEADDE61EFA03FD0065EB5E /* Frameworks */ = {
			isa = PBXFrameworksBuildPhase;
			buildActionMask = 2147483647;
			files = (
			);
			runOnlyForDeploymentPostprocessing = 0;
		};
/* End PBXFrameworksBuildPhase section */

/* Begin PBXGroup section */
		EAEADDE01EFA03FD0065EB5E = {
			isa = PBXGroup;
			children = (
				EAEADDEB1EFA03FD0065EB5E /* KVO_Simple */,
				EAEADDEA1EFA03FD0065EB5E /* Products */,
			);
			sourceTree = "<group>";
		};
		EAEADDEA1EFA03FD0065EB5E /* Products */ = {
			isa = PBXGroup;
			children = (
				EAEADDE91EFA03FD0065EB5E /* KVO_Simple.app */,
			);
			name = Products;
			sourceTree = "<group>";
		};
		EAEADDEB1EFA03FD0065EB5E /* KVO_Simple */ = {
			isa = PBXGroup;
			children = (
				EAEADDEF1EFA03FD0065EB5E /* AppDelegate.h */,
				EAEADDF01EFA03FD0065EB5E /* AppDelegate.m */,
				EAEADDF21EFA03FD0065EB5E /* ViewController.h */,
				EAEADDF31EFA03FD0065EB5E /* ViewController.m */,
				EAEADDF51EFA03FD0065EB5E /* Main.storyboard */,
				EAEADDF81EFA03FD0065EB5E /* Assets.xcassets */,
				EAEADDFA1EFA03FD0065EB5E /* LaunchScreen.storyboard */,
				EAEADDFD1EFA03FD0065EB5E /* Info.plist */,
				EAEADDEC1EFA03FD0065EB5E /* Supporting Files */,
			);
			path = KVO_Simple;
			sourceTree = "<group>";
		};
		EAEADDEC1EFA03FD0065EB5E /* Supporting Files */ = {
			isa = PBXGroup;
			children = (
				EAEADDED1EFA03FD0065EB5E /* main.m */,
			);
			name = "Supporting Files";
			sourceTree = "<group>";
		};
/* End PBXGroup section */

/* Begin PBXNativeTarget section */
		EAEADDE81EFA03FD0065EB5E /* KVO_Simple */ = {
			isa = PBXNativeTarget;
			buildConfigurationList = EAEADE001EFA03FD0065EB5E /* Build configuration list for PBXNativeTarget "KVO_Simple" */;
			buildPhases = (
				EAEADDE51EFA03FD0065EB5E /* Sources */,
				EAEADDE61EFA03FD0065EB5E /* Frameworks */,
				EAEADDE71EFA03FD0065EB5E /* Resources */,
			);
			buildRules = (
			);
			dependencies = (
			);
			name = KVO_Simple;
			productName = KVO_Simple;
			productReference = EAEADDE91EFA03FD0065EB5E /* KVO_Simple.app */;
			productType = "com.apple.product-type.application";
		};
/* End PBXNativeTarget section */

/* Begin PBXProject section */
		EAEADDE11EFA03FD0065EB5E /* Project object */ = {
			isa = PBXProject;
			attributes = {
				LastUpgradeCheck = 0830;
				ORGANIZATIONNAME = "上海烨历网络科技有限公司";
				TargetAttributes = {
					EAEADDE81EFA03FD0065EB5E = {
						CreatedOnToolsVersion = 8.3.3;
						DevelopmentTeam = 4QW5Y7PB9P;
						ProvisioningStyle = Automatic;
					};
				};
			};
			buildConfigurationList = EAEADDE41EFA03FD0065EB5E /* Build configuration list for PBXProject "KVO_Simple" */;
			compatibilityVersion = "Xcode 3.2";
			developmentRegion = English;
			hasScannedForEncodings = 0;
			knownRegions = (
				en,
				Base,
			);
			mainGroup = EAEADDE01EFA03FD0065EB5E;
			productRefGroup = EAEADDEA1EFA03FD0065EB5E /* Products */;
			projectDirPath = "";
			projectRoot = "";
			targets = (
				EAEADDE81EFA03FD0065EB5E /* KVO_Simple */,
			);
		};
/* End PBXProject section */

/* Begin PBXResourcesBuildPhase section */
		EAEADDE71EFA03FD0065EB5E /* Resources */ = {
			isa = PBXResourcesBuildPhase;
			buildActionMask = 2147483647;
			files = (
				EAEADDFC1EFA03FD0065EB5E /* LaunchScreen.storyboard in Resources */,
				EAEADDF91EFA03FD0065EB5E /* Assets.xcassets in Resources */,
				EAEADDF71EFA03FD0065EB5E /* Main.storyboard in Resources */,
			);
			runOnlyForDeploymentPostprocessing = 0;
		};
/* End PBXResourcesBuildPhase section */

/* Begin PBXSourcesBuildPhase section */
		EAEADDE51EFA03FD0065EB5E /* Sources */ = {
			isa = PBXSourcesBuildPhase;
			buildActionMask = 2147483647;
			files = (
				EAEADDF41EFA03FD0065EB5E /* ViewController.m in Sources */,
				EAEADDF11EFA03FD0065EB5E /* AppDelegate.m in Sources */,
				EAEADDEE1EFA03FD0065EB5E /* main.m in Sources */,
			);
			runOnlyForDeploymentPostprocessing = 0;
		};
/* End PBXSourcesBuildPhase section */

/* Begin PBXVariantGroup section */
		EAEADDF51EFA03FD0065EB5E /* Main.storyboard */ = {
			isa = PBXVariantGroup;
			children = (
				EAEADDF61EFA03FD0065EB5E /* Base */,
			);
			name = Main.storyboard;
			sourceTree = "<group>";
		};
		EAEADDFA1EFA03FD0065EB5E /* LaunchScreen.storyboard */ = {
			isa = PBXVariantGroup;
			children = (
				EAEADDFB1EFA03FD0065EB5E /* Base */,
			);
			name = LaunchScreen.storyboard;
			sourceTree = "<group>";
		};
/* End PBXVariantGroup section */

/* Begin XCBuildConfiguration section */
		EAEADDFE1EFA03FD0065EB5E /* Debug */ = {
			isa = XCBuildConfiguration;
			buildSettings = {
				ALWAYS_SEARCH_USER_PATHS = NO;
				CLANG_ANALYZER_NONNULL = YES;
				CLANG_ANALYZER_NUMBER_OBJECT_CONVERSION = YES_AGGRESSIVE;
				CLANG_CXX_LANGUAGE_STANDARD = "gnu++0x";
				CLANG_CXX_LIBRARY = "libc++";
				CLANG_ENABLE_MODULES = YES;
				CLANG_ENABLE_OBJC_ARC = YES;
				CLANG_WARN_BOOL_CONVERSION = YES;
				CLANG_WARN_CONSTANT_CONVERSION = YES;
				CLANG_WARN_DIRECT_OBJC_ISA_USAGE = YES_ERROR;
				CLANG_WARN_DOCUMENTATION_COMMENTS = YES;
				CLANG_WARN_EMPTY_BODY = YES;
				CLANG_WARN_ENUM_CONVERSION = YES;
				CLANG_WARN_INFINITE_RECURSION = YES;
				CLANG_WARN_INT_CONVERSION = YES;
				CLANG_WARN_OBJC_ROOT_CLASS = YES_ERROR;
				CLANG_WARN_SUSPICIOUS_MOVE = YES;
				CLANG_WARN_UNREACHABLE_CODE = YES;
				CLANG_WARN__DUPLICATE_METHOD_MATCH = YES;
				"CODE_SIGN_IDENTITY[sdk=iphoneos*]" = "iPhone Developer";
				COPY_PHASE_STRIP = NO;
				DEBUG_INFORMATION_FORMAT = dwarf;
				ENABLE_STRICT_OBJC_MSGSEND = YES;
				ENABLE_TESTABILITY = YES;
				GCC_C_LANGUAGE_STANDARD = gnu99;
				GCC_DYNAMIC_NO_PIC = NO;
				GCC_NO_COMMON_BLOCKS = YES;
				GCC_OPTIMIZATION_LEVEL = 0;
				GCC_PREPROCESSOR_DEFINITIONS = (
					"DEBUG=1",
					"$(inherited)",
				);
				GCC_WARN_64_TO_32_BIT_CONVERSION = YES;
				GCC_WARN_ABOUT_RETURN_TYPE = YES_ERROR;
				GCC_WARN_UNDECLARED_SELECTOR = YES;
				GCC_WARN_UNINITIALIZED_AUTOS = YES_AGGRESSIVE;
				GCC_WARN_UNUSED_FUNCTION = YES;
				GCC_WARN_UNUSED_VARIABLE = YES;
				IPHONEOS_DEPLOYMENT_TARGET = 10.3;
				MTL_ENABLE_DEBUG_INFO = YES;
				ONLY_ACTIVE_ARCH = YES;
				SDKROOT = iphoneos;
			};
			name = Debug;
		};
		EAEADDFF1EFA03FD0065EB5E /* Release */ = {
			isa = XCBuildConfiguration;
			buildSettings = {
				ALWAYS_SEARCH_USER_PATHS = NO;
				CLANG_ANALYZER_NONNULL = YES;
				CLANG_ANALYZER_NUMBER_OBJECT_CONVERSION = YES_AGGRESSIVE;
				CLANG_CXX_LANGUAGE_STANDARD = "gnu++0x";
				CLANG_CXX_LIBRARY = "libc++";
				CLANG_ENABLE_MODULES = YES;
				CLANG_ENABLE_OBJC_ARC = YES;
				CLANG_WARN_BOOL_CONVERSION = YES;
				CLANG_WARN_CONSTANT_CONVERSION = YES;
				CLANG_WARN_DIRECT_OBJC_ISA_USAGE = YES_ERROR;
				CLANG_WARN_DOCUMENTATION_COMMENTS = YES;
				CLANG_WARN_EMPTY_BODY = YES;
				CLANG_WARN_ENUM_CONVERSION = YES;
				CLANG_WARN_INFINITE_RECURSION = YES;
				CLANG_WARN_INT_CONVERSION = YES;
				CLANG_WARN_OBJC_ROOT_CLASS = YES_ERROR;
				CLANG_WARN_SUSPICIOUS_MOVE = YES;
				CLANG_WARN_UNREACHABLE_CODE = YES;
				CLANG_WARN__DUPLICATE_METHOD_MATCH = YES;
				"CODE_SIGN_IDENTITY[sdk=iphoneos*]" = "iPhone Developer";
				COPY_PHASE_STRIP = NO;
				DEBUG_INFORMATION_FORMAT = "dwarf-with-dsym";
				ENABLE_NS_ASSERTIONS = NO;
				ENABLE_STRICT_OBJC_MSGSEND = YES;
				GCC_C_LANGUAGE_STANDARD = gnu99;
				GCC_NO_COMMON_BLOCKS = YES;
				GCC_WARN_64_TO_32_BIT_CONVERSION = YES;
				GCC_WARN_ABOUT_RETURN_TYPE = YES_ERROR;
				GCC_WARN_UNDECLARED_SELECTOR = YES;
				GCC_WARN_UNINITIALIZED_AUTOS = YES_AGGRESSIVE;
				GCC_WARN_UNUSED_FUNCTION = YES;
				GCC_WARN_UNUSED_VARIABLE = YES;
				IPHONEOS_DEPLOYMENT_TARGET = 10.3;
				MTL_ENABLE_DEBUG_INFO = NO;
				SDKROOT = iphoneos;
				VALIDATE_PRODUCT = YES;
			};
			name = Release;
		};
		EAEADE011EFA03FD0065EB5E /* Debug */ = {
			isa = XCBuildConfiguration;
			buildSettings = {
				ASSETCATALOG_COMPILER_APPICON_NAME = AppIcon;
				DEVELOPMENT_TEAM = 4QW5Y7PB9P;
				INFOPLIST_FILE = KVO_Simple/Info.plist;
				LD_RUNPATH_SEARCH_PATHS = "$(inherited) @executable_path/Frameworks";
				PRODUCT_BUNDLE_IDENTIFIER = "com.shyl.KVO-Simple";
				PRODUCT_NAME = "$(TARGET_NAME)";
			};
			name = Debug;
		};
		EAEADE021EFA03FD0065EB5E /* Release */ = {
			isa = XCBuildConfiguration;
			buildSettings = {
				ASSETCATALOG_COMPILER_APPICON_NAME = AppIcon;
				DEVELOPMENT_TEAM = 4QW5Y7PB9P;
				INFOPLIST_FILE = KVO_Simple/Info.plist;
				LD_RUNPATH_SEARCH_PATHS = "$(inherited) @executable_path/Frameworks";
				PRODUCT_BUNDLE_IDENTIFIER = "com.shyl.KVO-Simple";
				PRODUCT_NAME = "$(TARGET_NAME)";
			};
			name = Release;
		};
/* End XCBuildConfiguration section */

/* Begin XCConfigurationList section */
		EAEADDE41EFA03FD0065EB5E /* Build configuration list for PBXProject "KVO_Simple" */ = {
			isa = XCConfigurationList;
			buildConfigurations = (
				EAEADDFE1EFA03FD0065EB5E /* Debug */,
				EAEADDFF1EFA03FD0065EB5E /* Release */,
			);
			defaultConfigurationIsVisible = 0;
			defaultConfigurationName = Release;
		};
		EAEADE001EFA03FD0065EB5E /* Build configuration list for PBXNativeTarget "KVO_Simple" */ = {
			isa = XCConfigurationList;
			buildConfigurations = (
				EAEADE011EFA03FD0065EB5E /* Debug */,
				EAEADE021EFA03FD0065EB5E /* Release */,
			);
			defaultConfigurationIsVisible = 0;
		};
/* End XCConfigurationList section */
	};
	rootObject = EAEADDE11EFA03FD0065EB5E /* Project object */;
}
